
Microsoft Visual Studio Solution File, Format Version 12.00
# Visual Studio Version 16
VisualStudioVersion = 16.0.31424.327
MinimumVisualStudioVersion = 10.0.40219.1
Project("{9A19103F-16F7-4668-BE54-9A1E7A4F7556}") = "Cube.NeuralNetwork", "Cube.NeuralNetwork\Cube.NeuralNetwork.csproj", "{B37BBBB7-ED7E-44E4-B256-350E93A104F4}"
EndProject
Project("{FAE04EC0-301F-11D3-BF4B-00C04F79EFBC}") = "Cube.NeuralNetwork.Visualization", "Cube.NeuralNetwork.Visualization\Cube.NeuralNetwork.Visualization.csproj", "{E3DA4BB2-2E85-41C1-8455-5855198B5DE9}"
EndProject
Global
	GlobalSection(SolutionConfigurationPlatforms) = preSolution
		Debug|Any CPU = Debug|Any CPU
		Release|Any CPU = Release|Any CPU
	EndGlobalSection
	GlobalSection(ProjectConfigurationPlatforms) = postSolution
		{B37BBBB7-ED7E-44E4-B256-350E93A104F4}.Debug|Any CPU.ActiveCfg = Debug|Any CPU
		{B37BBBB7-ED7E-44E4-B256-350E93A104F4}.Debug|Any CPU.Build.0 = Debug|Any CPU
		{B37BBBB7-ED7E-44E4-B256-350E93A104F4}.Release|Any CPU.ActiveCfg = Release|Any CPU
		{B37BBBB7-ED7E-44E4-B256-350E93A104F4}.Release|Any CPU.Build.0 = Release|Any CPU
		{E3DA4BB2-2E85-41C1-8455-5855198B5DE9}.Debug|Any CPU.ActiveCfg = Debug|Any CPU
		{E3DA4BB2-2E85-41C1-8455-5855198B5DE9}.Debug|Any CPU.Build.0 = Debug|Any CPU
		{E3DA4BB2-2E85-41C1-8455-5855198B5DE9}.Release|Any CPU.ActiveCfg = Release|Any CPU
		{E3DA4BB2-2E85-41C1-8455-5855198B5DE9}.Release|Any CPU.Build.0 = Release|Any CPU
	EndGlobalSection
	GlobalSection(SolutionProperties) = preSolution
		HideSolutionNode = FALSE
	EndGlobalSection
	GlobalSection(ExtensibilityGlobals) = postSolution
		SolutionGuid = {C4F7D8FF-3272-4B5C-A00A-53715B36744C}
	EndGlobalSection
EndGlobal
